// !$*UTF8*$!
{
	archiveVersion = 1;
	classes = {
	};
	objectVersion = 50;
	objects = {

/* Begin PBXBuildFile section */
		3837CE6A260D04AB00405CCB /* MovieDBApp.swift in Sources */ = {isa = PBXBuildFile; fileRef = 3837CE69260D04AB00405CCB /* MovieDBApp.swift */; };
		3837CE6C260D04AB00405CCB /* ContentView.swift in Sources */ = {isa = PBXBuildFile; fileRef = 3837CE6B260D04AB00405CCB /* ContentView.swift */; };
		3837CE6E260D04AD00405CCB /* Assets.xcassets in Resources */ = {isa = PBXBuildFile; fileRef = 3837CE6D260D04AD00405CCB /* Assets.xcassets */; };
		3837CE71260D04AD00405CCB /* Preview Assets.xcassets in Resources */ = {isa = PBXBuildFile; fileRef = 3837CE70260D04AD00405CCB /* Preview Assets.xcassets */; };
		3837CE7C260D04AE00405CCB /* MovieDBTests.swift in Sources */ = {isa = PBXBuildFile; fileRef = 3837CE7B260D04AE00405CCB /* MovieDBTests.swift */; };
		3837CE87260D04AE00405CCB /* MovieDBUITests.swift in Sources */ = {isa = PBXBuildFile; fileRef = 3837CE86260D04AE00405CCB /* MovieDBUITests.swift */; };
		3837CE98260D050D00405CCB /* NowPlaying.swift in Sources */ = {isa = PBXBuildFile; fileRef = 3837CE97260D050D00405CCB /* NowPlaying.swift */; };
		3837CE9D260D18E900405CCB /* Movies.swift in Sources */ = {isa = PBXBuildFile; fileRef = 3837CE9C260D18E900405CCB /* Movies.swift */; };
		3837CEA2260D19F500405CCB /* PlayingNow2.swift in Sources */ = {isa = PBXBuildFile; fileRef = 3837CEA1260D19F500405CCB /* PlayingNow2.swift */; };
		38A2DBC7260D7CA2003E6A50 /* PopularMovies.swift in Sources */ = {isa = PBXBuildFile; fileRef = 38A2DBC6260D7CA2003E6A50 /* PopularMovies.swift */; };
		38A2DBCC260D8AB0003E6A50 /* Search.swift in Sources */ = {isa = PBXBuildFile; fileRef = 38A2DBCB260D8AB0003E6A50 /* Search.swift */; };
/* End PBXBuildFile section */

/* Begin PBXContainerItemProxy section */
		3837CE78260D04AE00405CCB /* PBXContainerItemProxy */ = {
			isa = PBXContainerItemProxy;
			containerPortal = 3837CE5E260D04AB00405CCB /* Project object */;
			proxyType = 1;
			remoteGlobalIDString = 3837CE65260D04AB00405CCB;
			remoteInfo = MovieDB;
		};
		3837CE83260D04AE00405CCB /* PBXContainerItemProxy */ = {
			isa = PBXContainerItemProxy;
			containerPortal = 3837CE5E260D04AB00405CCB /* Project object */;
			proxyType = 1;
			remoteGlobalIDString = 3837CE65260D04AB00405CCB;
			remoteInfo = MovieDB;
		};
/* End PBXContainerItemProxy section */

/* Begin PBXFileReference section */
		3837CE66260D04AB00405CCB /* MovieDB.app */ = {isa = PBXFileReference; explicitFileType = wrapper.application; includeInIndex = 0; path = MovieDB.app; sourceTree = BUILT_PRODUCTS_DIR; };
		3837CE69260D04AB00405CCB /* MovieDBApp.swift */ = {isa = PBXFileReference; lastKnownFileType = sourcecode.swift; path = MovieDBApp.swift; sourceTree = "<group>"; };
		3837CE6B260D04AB00405CCB /* ContentView.swift */ = {isa = PBXFileReference; lastKnownFileType = sourcecode.swift; path = ContentView.swift; sourceTree = "<group>"; };
		3837CE6D260D04AD00405CCB /* Assets.xcassets */ = {isa = PBXFileReference; lastKnownFileType = folder.assetcatalog; path = Assets.xcassets; sourceTree = "<group>"; };
		3837CE70260D04AD00405CCB /* Preview Assets.xcassets */ = {isa = PBXFileReference; lastKnownFileType = folder.assetcatalog; path = "Preview Assets.xcassets"; sourceTree = "<group>"; };
		3837CE72260D04AD00405CCB /* Info.plist */ = {isa = PBXFileReference; lastKnownFileType = text.plist.xml; path = Info.plist; sourceTree = "<group>"; };
		3837CE77260D04AE00405CCB /* MovieDBTests.xctest */ = {isa = PBXFileReference; explicitFileType = wrapper.cfbundle; includeInIndex = 0; path = MovieDBTests.xctest; sourceTree = BUILT_PRODUCTS_DIR; };
		3837CE7B260D04AE00405CCB /* MovieDBTests.swift */ = {isa = PBXFileReference; lastKnownFileType = sourcecode.swift; path = MovieDBTests.swift; sourceTree = "<group>"; };
		3837CE7D260D04AE00405CCB /* Info.plist */ = {isa = PBXFileReference; lastKnownFileType = text.plist.xml; path = Info.plist; sourceTree = "<group>"; };
		3837CE82260D04AE00405CCB /* MovieDBUITests.xctest */ = {isa = PBXFileReference; explicitFileType = wrapper.cfbundle; includeInIndex = 0; path = MovieDBUITests.xctest; sourceTree = BUILT_PRODUCTS_DIR; };
		3837CE86260D04AE00405CCB /* MovieDBUITests.swift */ = {isa = PBXFileReference; lastKnownFileType = sourcecode.swift; path = MovieDBUITests.swift; sourceTree = "<group>"; };
		3837CE88260D04AE00405CCB /* Info.plist */ = {isa = PBXFileReference; lastKnownFileType = text.plist.xml; path = Info.plist; sourceTree = "<group>"; };
		3837CE97260D050D00405CCB /* NowPlaying.swift */ = {isa = PBXFileReference; lastKnownFileType = sourcecode.swift; path = NowPlaying.swift; sourceTree = "<group>"; };
		3837CE9C260D18E900405CCB /* Movies.swift */ = {isa = PBXFileReference; lastKnownFileType = sourcecode.swift; path = Movies.swift; sourceTree = "<group>"; };
		3837CEA1260D19F500405CCB /* PlayingNow2.swift */ = {isa = PBXFileReference; lastKnownFileType = sourcecode.swift; path = PlayingNow2.swift; sourceTree = "<group>"; };
		38A2DBC6260D7CA2003E6A50 /* PopularMovies.swift */ = {isa = PBXFileReference; lastKnownFileType = sourcecode.swift; path = PopularMovies.swift; sourceTree = "<group>"; };
		38A2DBCB260D8AB0003E6A50 /* Search.swift */ = {isa = PBXFileReference; lastKnownFileType = sourcecode.swift; path = Search.swift; sourceTree = "<group>"; };
/* End PBXFileReference section */

/* Begin PBXFrameworksBuildPhase section */
		3837CE63260D04AB00405CCB /* Frameworks */ = {
			isa = PBXFrameworksBuildPhase;
			buildActionMask = 2147483647;
			files = (
			);
			runOnlyForDeploymentPostprocessing = 0;
		};
		3837CE74260D04AE00405CCB /* Frameworks */ = {
			isa = PBXFrameworksBuildPhase;
			buildActionMask = 2147483647;
			files = (
			);
			runOnlyForDeploymentPostprocessing = 0;
		};
		3837CE7F260D04AE00405CCB /* Frameworks */ = {
			isa = PBXFrameworksBuildPhase;
			buildActionMask = 2147483647;
			files = (
			);
			runOnlyForDeploymentPostprocessing = 0;
		};
/* End PBXFrameworksBuildPhase section */

/* Begin PBXGroup section */
		3837CE5D260D04AB00405CCB = {
			isa = PBXGroup;
			children = (
				3837CE68260D04AB00405CCB /* MovieDB */,
				3837CE7A260D04AE00405CCB /* MovieDBTests */,
				3837CE85260D04AE00405CCB /* MovieDBUITests */,
				3837CE67260D04AB00405CCB /* Products */,
			);
			sourceTree = "<group>";
		};
		3837CE67260D04AB00405CCB /* Products */ = {
			isa = PBXGroup;
			children = (
				3837CE66260D04AB00405CCB /* MovieDB.app */,
				3837CE77260D04AE00405CCB /* MovieDBTests.xctest */,
				3837CE82260D04AE00405CCB /* MovieDBUITests.xctest */,
			);
			name = Products;
			sourceTree = "<group>";
		};
		3837CE68260D04AB00405CCB /* MovieDB */ = {
			isa = PBXGroup;
			children = (
				3837CE69260D04AB00405CCB /* MovieDBApp.swift */,
				3837CE6B260D04AB00405CCB /* ContentView.swift */,
				38A2DBCB260D8AB0003E6A50 /* Search.swift */,
				3837CE97260D050D00405CCB /* NowPlaying.swift */,
				3837CEA1260D19F500405CCB /* PlayingNow2.swift */,
				38A2DBC6260D7CA2003E6A50 /* PopularMovies.swift */,
				3837CE9C260D18E900405CCB /* Movies.swift */,
				3837CE6D260D04AD00405CCB /* Assets.xcassets */,
				3837CE72260D04AD00405CCB /* Info.plist */,
				3837CE6F260D04AD00405CCB /* Preview Content */,
			);
			path = MovieDB;
			sourceTree = "<group>";
		};
		3837CE6F260D04AD00405CCB /* Preview Content */ = {
			isa = PBXGroup;
			children = (
				3837CE70260D04AD00405CCB /* Preview Assets.xcassets */,
			);
			path = "Preview Content";
			sourceTree = "<group>";
		};
		3837CE7A260D04AE00405CCB /* MovieDBTests */ = {
			isa = PBXGroup;
			children = (
				3837CE7B260D04AE00405CCB /* MovieDBTests.swift */,
				3837CE7D260D04AE00405CCB /* Info.plist */,
			);
			path = MovieDBTests;
			sourceTree = "<group>";
		};
		3837CE85260D04AE00405CCB /* MovieDBUITests */ = {
			isa = PBXGroup;
			children = (
				3837CE86260D04AE00405CCB /* MovieDBUITests.swift */,
				3837CE88260D04AE00405CCB /* Info.plist */,
			);
			path = MovieDBUITests;
			sourceTree = "<group>";
		};
/* End PBXGroup section */

/* Begin PBXNativeTarget section */
		3837CE65260D04AB00405CCB /* MovieDB */ = {
			isa = PBXNativeTarget;
			buildConfigurationList = 3837CE8B260D04AE00405CCB /* Build configuration list for PBXNativeTarget "MovieDB" */;
			buildPhases = (
				3837CE62260D04AB00405CCB /* Sources */,
				3837CE63260D04AB00405CCB /* Frameworks */,
				3837CE64260D04AB00405CCB /* Resources */,
			);
			buildRules = (
			);
			dependencies = (
			);
			name = MovieDB;
			productName = MovieDB;
			productReference = 3837CE66260D04AB00405CCB /* MovieDB.app */;
			productType = "com.apple.product-type.application";
		};
		3837CE76260D04AE00405CCB /* MovieDBTests */ = {
			isa = PBXNativeTarget;
			buildConfigurationList = 3837CE8E260D04AE00405CCB /* Build configuration list for PBXNativeTarget "MovieDBTests" */;
			buildPhases = (
				3837CE73260D04AE00405CCB /* Sources */,
				3837CE74260D04AE00405CCB /* Frameworks */,
				3837CE75260D04AE00405CCB /* Resources */,
			);
			buildRules = (
			);
			dependencies = (
				3837CE79260D04AE00405CCB /* PBXTargetDependency */,
			);
			name = MovieDBTests;
			productName = MovieDBTests;
			productReference = 3837CE77260D04AE00405CCB /* MovieDBTests.xctest */;
			productType = "com.apple.product-type.bundle.unit-test";
		};
		3837CE81260D04AE00405CCB /* MovieDBUITests */ = {
			isa = PBXNativeTarget;
			buildConfigurationList = 3837CE91260D04AE00405CCB /* Build configuration list for PBXNativeTarget "MovieDBUITests" */;
			buildPhases = (
				3837CE7E260D04AE00405CCB /* Sources */,
				3837CE7F260D04AE00405CCB /* Frameworks */,
				3837CE80260D04AE00405CCB /* Resources */,
			);
			buildRules = (
			);
			dependencies = (
				3837CE84260D04AE00405CCB /* PBXTargetDependency */,
			);
			name = MovieDBUITests;
			productName = MovieDBUITests;
			productReference = 3837CE82260D04AE00405CCB /* MovieDBUITests.xctest */;
			productType = "com.apple.product-type.bundle.ui-testing";
		};
/* End PBXNativeTarget section */

/* Begin PBXProject section */
		3837CE5E260D04AB00405CCB /* Project object */ = {
			isa = PBXProject;
			attributes = {
				LastSwiftUpdateCheck = 1240;
				LastUpgradeCheck = 1240;
				TargetAttributes = {
					3837CE65260D04AB00405CCB = {
						CreatedOnToolsVersion = 12.4;
					};
					3837CE76260D04AE00405CCB = {
						CreatedOnToolsVersion = 12.4;
						TestTargetID = 3837CE65260D04AB00405CCB;
					};
					3837CE81260D04AE00405CCB = {
						CreatedOnToolsVersion = 12.4;
						TestTargetID = 3837CE65260D04AB00405CCB;
					};
				};
			};
			buildConfigurationList = 3837CE61260D04AB00405CCB /* Build configuration list for PBXProject "MovieDB" */;
			compatibilityVersion = "Xcode 9.3";
			developmentRegion = en;
			hasScannedForEncodings = 0;
			knownRegions = (
				en,
				Base,
			);
			mainGroup = 3837CE5D260D04AB00405CCB;
			productRefGroup = 3837CE67260D04AB00405CCB /* Products */;
			projectDirPath = "";
			projectRoot = "";
			targets = (
				3837CE65260D04AB00405CCB /* MovieDB */,
				3837CE76260D04AE00405CCB /* MovieDBTests */,
				3837CE81260D04AE00405CCB /* MovieDBUITests */,
			);
		};
/* End PBXProject section */

/* Begin PBXResourcesBuildPhase section */
		3837CE64260D04AB00405CCB /* Resources */ = {
			isa = PBXResourcesBuildPhase;
			buildActionMask = 2147483647;
			files = (
				3837CE71260D04AD00405CCB /* Preview Assets.xcassets in Resources */,
				3837CE6E260D04AD00405CCB /* Assets.xcassets in Resources */,
			);
			runOnlyForDeploymentPostprocessing = 0;
		};
		3837CE75260D04AE00405CCB /* Resources */ = {
			isa = PBXResourcesBuildPhase;
			buildActionMask = 2147483647;
			files = (
			);
			runOnlyForDeploymentPostprocessing = 0;
		};
		3837CE80260D04AE00405CCB /* Resources */ = {
			isa = PBXResourcesBuildPhase;
			buildActionMask = 2147483647;
			files = (
			);
			runOnlyForDeploymentPostprocessing = 0;
		};
/* End PBXResourcesBuildPhase section */

/* Begin PBXSourcesBuildPhase section */
		3837CE62260D04AB00405CCB /* Sources */ = {
			isa = PBXSourcesBuildPhase;
			buildActionMask = 2147483647;
			files = (
				3837CE6C260D04AB00405CCB /* ContentView.swift in Sources */,
				3837CEA2260D19F500405CCB /* PlayingNow2.swift in Sources */,
				38A2DBC7260D7CA2003E6A50 /* PopularMovies.swift in Sources */,
				3837CE6A260D04AB00405CCB /* MovieDBApp.swift in Sources */,
				3837CE9D260D18E900405CCB /* Movies.swift in Sources */,
				3837CE98260D050D00405CCB /* NowPlaying.swift in Sources */,
				38A2DBCC260D8AB0003E6A50 /* Search.swift in Sources */,
			);
			runOnlyForDeploymentPostprocessing = 0;
		};
		3837CE73260D04AE00405CCB /* Sources */ = {
			isa = PBXSourcesBuildPhase;
			buildActionMask = 2147483647;
			files = (
				3837CE7C260D04AE00405CCB /* MovieDBTests.swift in Sources */,
			);
			runOnlyForDeploymentPostprocessing = 0;
		};
		3837CE7E260D04AE00405CCB /* Sources */ = {
			isa = PBXSourcesBuildPhase;
			buildActionMask = 2147483647;
			files = (
				3837CE87260D04AE00405CCB /* MovieDBUITests.swift in Sources */,
			);
			runOnlyForDeploymentPostprocessing = 0;
		};
/* End PBXSourcesBuildPhase section */

/* Begin PBXTargetDependency section */
		3837CE79260D04AE00405CCB /* PBXTargetDependency */ = {
			isa = PBXTargetDependency;
			target = 3837CE65260D04AB00405CCB /* MovieDB */;
			targetProxy = 3837CE78260D04AE00405CCB /* PBXContainerItemProxy */;
		};
		3837CE84260D04AE00405CCB /* PBXTargetDependency */ = {
			isa = PBXTargetDependency;
			target = 3837CE65260D04AB00405CCB /* MovieDB */;
			targetProxy = 3837CE83260D04AE00405CCB /* PBXContainerItemProxy */;
		};
/* End PBXTargetDependency section */

/* Begin XCBuildConfiguration section */
		3837CE89260D04AE00405CCB /* Debug */ = {
			isa = XCBuildConfiguration;
			buildSettings = {
				ALWAYS_SEARCH_USER_PATHS = NO;
				CLANG_ANALYZER_NONNULL = YES;
				CLANG_ANALYZER_NUMBER_OBJECT_CONVERSION = YES_AGGRESSIVE;
				CLANG_CXX_LANGUAGE_STANDARD = "gnu++14";
				CLANG_CXX_LIBRARY = "libc++";
				CLANG_ENABLE_MODULES = YES;
				CLANG_ENABLE_OBJC_ARC = YES;
				CLANG_ENABLE_OBJC_WEAK = YES;
				CLANG_WARN_BLOCK_CAPTURE_AUTORELEASING = YES;
				CLANG_WARN_BOOL_CONVERSION = YES;
				CLANG_WARN_COMMA = YES;
				CLANG_WARN_CONSTANT_CONVERSION = YES;
				CLANG_WARN_DEPRECATED_OBJC_IMPLEMENTATIONS = YES;
				CLANG_WARN_DIRECT_OBJC_ISA_USAGE = YES_ERROR;
				CLANG_WARN_DOCUMENTATION_COMMENTS = YES;
				CLANG_WARN_EMPTY_BODY = YES;
				CLANG_WARN_ENUM_CONVERSION = YES;
				CLANG_WARN_INFINITE_RECURSION = YES;
				CLANG_WARN_INT_CONVERSION = YES;
				CLANG_WARN_NON_LITERAL_NULL_CONVERSION = YES;
				CLANG_WARN_OBJC_IMPLICIT_RETAIN_SELF = YES;
				CLANG_WARN_OBJC_LITERAL_CONVERSION = YES;
				CLANG_WARN_OBJC_ROOT_CLASS = YES_ERROR;
				CLANG_WARN_QUOTED_INCLUDE_IN_FRAMEWORK_HEADER = YES;
				CLANG_WARN_RANGE_LOOP_ANALYSIS = YES;
				CLANG_WARN_STRICT_PROTOTYPES = YES;
				CLANG_WARN_SUSPICIOUS_MOVE = YES;
				CLANG_WARN_UNGUARDED_AVAILABILITY = YES_AGGRESSIVE;
				CLANG_WARN_UNREACHABLE_CODE = YES;
				CLANG_WARN__DUPLICATE_METHOD_MATCH = YES;
				COPY_PHASE_STRIP = NO;
				DEBUG_INFORMATION_FORMAT = dwarf;
				ENABLE_STRICT_OBJC_MSGSEND = YES;
				ENABLE_TESTABILITY = YES;
				GCC_C_LANGUAGE_STANDARD = gnu11;
				GCC_DYNAMIC_NO_PIC = NO;
				GCC_NO_COMMON_BLOCKS = YES;
				GCC_OPTIMIZATION_LEVEL = 0;
				GCC_PREPROCESSOR_DEFINITIONS = (
					"DEBUG=1",
					"$(inherited)",
				);
				GCC_WARN_64_TO_32_BIT_CONVERSION = YES;
				GCC_WARN_ABOUT_RETURN_TYPE = YES_ERROR;
				GCC_WARN_UNDECLARED_SELECTOR = YES;
				GCC_WARN_UNINITIALIZED_AUTOS = YES_AGGRESSIVE;
				GCC_WARN_UNUSED_FUNCTION = YES;
				GCC_WARN_UNUSED_VARIABLE = YES;
				IPHONEOS_DEPLOYMENT_TARGET = 14.4;
				MTL_ENABLE_DEBUG_INFO = INCLUDE_SOURCE;
				MTL_FAST_MATH = YES;
				ONLY_ACTIVE_ARCH = YES;
				SDKROOT = iphoneos;
				SWIFT_ACTIVE_COMPILATION_CONDITIONS = DEBUG;
				SWIFT_OPTIMIZATION_LEVEL = "-Onone";
			};
			name = Debug;
		};
		3837CE8A260D04AE00405CCB /* Release */ = {
			isa = XCBuildConfiguration;
			buildSettings = {
				ALWAYS_SEARCH_USER_PATHS = NO;
				CLANG_ANALYZER_NONNULL = YES;
				CLANG_ANALYZER_NUMBER_OBJECT_CONVERSION = YES_AGGRESSIVE;
				CLANG_CXX_LANGUAGE_STANDARD = "gnu++14";
				CLANG_CXX_LIBRARY = "libc++";
				CLANG_ENABLE_MODULES = YES;
				CLANG_ENABLE_OBJC_ARC = YES;
				CLANG_ENABLE_OBJC_WEAK = YES;
				CLANG_WARN_BLOCK_CAPTURE_AUTORELEASING = YES;
				CLANG_WARN_BOOL_CONVERSION = YES;
				CLANG_WARN_COMMA = YES;
				CLANG_WARN_CONSTANT_CONVERSION = YES;
				CLANG_WARN_DEPRECATED_OBJC_IMPLEMENTATIONS = YES;
				CLANG_WARN_DIRECT_OBJC_ISA_USAGE = YES_ERROR;
				CLANG_WARN_DOCUMENTATION_COMMENTS = YES;
				CLANG_WARN_EMPTY_BODY = YES;
				CLANG_WARN_ENUM_CONVERSION = YES;
				CLANG_WARN_INFINITE_RECURSION = YES;
				CLANG_WARN_INT_CONVERSION = YES;
				CLANG_WARN_NON_LITERAL_NULL_CONVERSION = YES;
				CLANG_WARN_OBJC_IMPLICIT_RETAIN_SELF = YES;
				CLANG_WARN_OBJC_LITERAL_CONVERSION = YES;
				CLANG_WARN_OBJC_ROOT_CLASS = YES_ERROR;
				CLANG_WARN_QUOTED_INCLUDE_IN_FRAMEWORK_HEADER = YES;
				CLANG_WARN_RANGE_LOOP_ANALYSIS = YES;
				CLANG_WARN_STRICT_PROTOTYPES = YES;
				CLANG_WARN_SUSPICIOUS_MOVE = YES;
				CLANG_WARN_UNGUARDED_AVAILABILITY = YES_AGGRESSIVE;
				CLANG_WARN_UNREACHABLE_CODE = YES;
				CLANG_WARN__DUPLICATE_METHOD_MATCH = YES;
				COPY_PHASE_STRIP = NO;
				DEBUG_INFORMATION_FORMAT = "dwarf-with-dsym";
				ENABLE_NS_ASSERTIONS = NO;
				ENABLE_STRICT_OBJC_MSGSEND = YES;
				GCC_C_LANGUAGE_STANDARD = gnu11;
				GCC_NO_COMMON_BLOCKS = YES;
				GCC_WARN_64_TO_32_BIT_CONVERSION = YES;
				GCC_WARN_ABOUT_RETURN_TYPE = YES_ERROR;
				GCC_WARN_UNDECLARED_SELECTOR = YES;
				GCC_WARN_UNINITIALIZED_AUTOS = YES_AGGRESSIVE;
				GCC_WARN_UNUSED_FUNCTION = YES;
				GCC_WARN_UNUSED_VARIABLE = YES;
				IPHONEOS_DEPLOYMENT_TARGET = 14.4;
				MTL_ENABLE_DEBUG_INFO = NO;
				MTL_FAST_MATH = YES;
				SDKROOT = iphoneos;
				SWIFT_COMPILATION_MODE = wholemodule;
				SWIFT_OPTIMIZATION_LEVEL = "-O";
				VALIDATE_PRODUCT = YES;
			};
			name = Release;
		};
		3837CE8C260D04AE00405CCB /* Debug */ = {
			isa = XCBuildConfiguration;
			buildSettings = {
				ASSETCATALOG_COMPILER_APPICON_NAME = AppIcon;
				ASSETCATALOG_COMPILER_GLOBAL_ACCENT_COLOR_NAME = AccentColor;
				CODE_SIGN_STYLE = Automatic;
				DEVELOPMENT_ASSET_PATHS = "\"MovieDB/Preview Content\"";
				DEVELOPMENT_TEAM = YM283LC5H4;
				ENABLE_PREVIEWS = YES;
				INFOPLIST_FILE = MovieDB/Info.plist;
				IPHONEOS_DEPLOYMENT_TARGET = 14.0;
				LD_RUNPATH_SEARCH_PATHS = (
					"$(inherited)",
					"@executable_path/Frameworks",
				);
				PRODUCT_BUNDLE_IDENTIFIER = "developer-academy.MovieDB";
				PRODUCT_NAME = "$(TARGET_NAME)";
				SWIFT_VERSION = 5.0;
				TARGETED_DEVICE_FAMILY = "1,2";
			};
			name = Debug;
		};
		3837CE8D260D04AE00405CCB /* Release */ = {
			isa = XCBuildConfiguration;
			buildSettings = {
				ASSETCATALOG_COMPILER_APPICON_NAME = AppIcon;
				ASSETCATALOG_COMPILER_GLOBAL_ACCENT_COLOR_NAME = AccentColor;
				CODE_SIGN_STYLE = Automatic;
				DEVELOPMENT_ASSET_PATHS = "\"MovieDB/Preview Content\"";
				DEVELOPMENT_TEAM = YM283LC5H4;
				ENABLE_PREVIEWS = YES;
				INFOPLIST_FILE = MovieDB/Info.plist;
				IPHONEOS_DEPLOYMENT_TARGET = 14.0;
				LD_RUNPATH_SEARCH_PATHS = (
					"$(inherited)",
					"@executable_path/Frameworks",
				);
				PRODUCT_BUNDLE_IDENTIFIER = "developer-academy.MovieDB";
				PRODUCT_NAME = "$(TARGET_NAME)";
				SWIFT_VERSION = 5.0;
				TARGETED_DEVICE_FAMILY = "1,2";
			};
			name = Release;
		};
		3837CE8F260D04AE00405CCB /* Debug */ = {
			isa = XCBuildConfiguration;
			buildSettings = {
				ALWAYS_EMBED_SWIFT_STANDARD_LIBRARIES = YES;
				BUNDLE_LOADER = "$(TEST_HOST)";
				CODE_SIGN_STYLE = Automatic;
				DEVELOPMENT_TEAM = YM283LC5H4;
				INFOPLIST_FILE = MovieDBTests/Info.plist;
				IPHONEOS_DEPLOYMENT_TARGET = 14.0;
				LD_RUNPATH_SEARCH_PATHS = (
					"$(inherited)",
					"@executable_path/Frameworks",
					"@loader_path/Frameworks",
				);
				PRODUCT_BUNDLE_IDENTIFIER = "developer-academy.MovieDBTests";
				PRODUCT_NAME = "$(TARGET_NAME)";
				SWIFT_VERSION = 5.0;
				TARGETED_DEVICE_FAMILY = "1,2";
				TEST_HOST = "$(BUILT_PRODUCTS_DIR)/MovieDB.app/MovieDB";
			};
			name = Debug;
		};
		3837CE90260D04AE00405CCB /* Release */ = {
			isa = XCBuildConfiguration;
			buildSettings = {
				ALWAYS_EMBED_SWIFT_STANDARD_LIBRARIES = YES;
				BUNDLE_LOADER = "$(TEST_HOST)";
				CODE_SIGN_STYLE = Automatic;
				DEVELOPMENT_TEAM = YM283LC5H4;
				INFOPLIST_FILE = MovieDBTests/Info.plist;
				IPHONEOS_DEPLOYMENT_TARGET = 14.0;
				LD_RUNPATH_SEARCH_PATHS = (
					"$(inherited)",
					"@executable_path/Frameworks",
					"@loader_path/Frameworks",
				);
				PRODUCT_BUNDLE_IDENTIFIER = "developer-academy.MovieDBTests";
				PRODUCT_NAME = "$(TARGET_NAME)";
				SWIFT_VERSION = 5.0;
				TARGETED_DEVICE_FAMILY = "1,2";
				TEST_HOST = "$(BUILT_PRODUCTS_DIR)/MovieDB.app/MovieDB";
			};
			name = Release;
		};
		3837CE92260D04AE00405CCB /* Debug */ = {
			isa = XCBuildConfiguration;
			buildSettings = {
				ALWAYS_EMBED_SWIFT_STANDARD_LIBRARIES = YES;
				CODE_SIGN_STYLE = Automatic;
				DEVELOPMENT_TEAM = YM283LC5H4;
				INFOPLIST_FILE = MovieDBUITests/Info.plist;
				LD_RUNPATH_SEARCH_PATHS = (
					"$(inherited)",
					"@executable_path/Frameworks",
					"@loader_path/Frameworks",
				);
				PRODUCT_BUNDLE_IDENTIFIER = "developer-academy.MovieDBUITests";
				PRODUCT_NAME = "$(TARGET_NAME)";
				SWIFT_VERSION = 5.0;
				TARGETED_DEVICE_FAMILY = "1,2";
				TEST_TARGET_NAME = MovieDB;
			};
			name = Debug;
		};
		3837CE93260D04AE00405CCB /* Release */ = {
			isa = XCBuildConfiguration;
			buildSettings = {
				ALWAYS_EMBED_SWIFT_STANDARD_LIBRARIES = YES;
				CODE_SIGN_STYLE = Automatic;
				DEVELOPMENT_TEAM = YM283LC5H4;
				INFOPLIST_FILE = MovieDBUITests/Info.plist;
				LD_RUNPATH_SEARCH_PATHS = (
					"$(inherited)",
					"@executable_path/Frameworks",
					"@loader_path/Frameworks",
				);
				PRODUCT_BUNDLE_IDENTIFIER = "developer-academy.MovieDBUITests";
				PRODUCT_NAME = "$(TARGET_NAME)";
				SWIFT_VERSION = 5.0;
				TARGETED_DEVICE_FAMILY = "1,2";
				TEST_TARGET_NAME = MovieDB;
			};
			name = Release;
		};
/* End XCBuildConfiguration section */

/* Begin XCConfigurationList section */
		3837CE61260D04AB00405CCB /* Build configuration list for PBXProject "MovieDB" */ = {
			isa = XCConfigurationList;
			buildConfigurations = (
				3837CE89260D04AE00405CCB /* Debug */,
				3837CE8A260D04AE00405CCB /* Release */,
			);
			defaultConfigurationIsVisible = 0;
			defaultConfigurationName = Release;
		};
		3837CE8B260D04AE00405CCB /* Build configuration list for PBXNativeTarget "MovieDB" */ = {
			isa = XCConfigurationList;
			buildConfigurations = (
				3837CE8C260D04AE00405CCB /* Debug */,
				3837CE8D260D04AE00405CCB /* Release */,
			);
			defaultConfigurationIsVisible = 0;
			defaultConfigurationName = Release;
		};
		3837CE8E260D04AE00405CCB /* Build configuration list for PBXNativeTarget "MovieDBTests" */ = {
			isa = XCConfigurationList;
			buildConfigurations = (
				3837CE8F260D04AE00405CCB /* Debug */,
				3837CE90260D04AE00405CCB /* Release */,
			);
			defaultConfigurationIsVisible = 0;
			defaultConfigurationName = Release;
		};
		3837CE91260D04AE00405CCB /* Build configuration list for PBXNativeTarget "MovieDBUITests" */ = {
			isa = XCConfigurationList;
			buildConfigurations = (
				3837CE92260D04AE00405CCB /* Debug */,
				3837CE93260D04AE00405CCB /* Release */,
			);
			defaultConfigurationIsVisible = 0;
			defaultConfigurationName = Release;
		};
/* End XCConfigurationList section */
	};
	rootObject = 3837CE5E260D04AB00405CCB /* Project object */;
}
